
Microsoft Visual Studio Solution File, Format Version 12.00
# Visual Studio Version 16
VisualStudioVersion = 16.0.29215.179
MinimumVisualStudioVersion = 10.0.40219.1
Project("{8BC9CEB8-8B4A-11D0-8D11-00A0C91BC942}") = "Task10", "Task10\Task10.vcxproj", "{16E69996-4170-409D-8908-A2E163A06836}"
EndProject
Global
	GlobalSection(SolutionConfigurationPlatforms) = preSolution
		Debug|x64 = Debug|x64
		Debug|x86 = Debug|x86
		Release|x64 = Release|x64
		Release|x86 = Release|x86
	EndGlobalSection
	GlobalSection(ProjectConfigurationPlatforms) = postSolution
		{16E69996-4170-409D-8908-A2E163A06836}.Debug|x64.ActiveCfg = Debug|x64
		{16E69996-4170-409D-8908-A2E163A06836}.Debug|x64.Build.0 = Debug|x64
		{16E69996-4170-409D-8908-A2E163A06836}.Debug|x86.ActiveCfg = Debug|Win32
		{16E69996-4170-409D-8908-A2E163A06836}.Debug|x86.Build.0 = Debug|Win32
		{16E69996-4170-409D-8908-A2E163A06836}.Release|x64.ActiveCfg = Release|x64
		{16E69996-4170-409D-8908-A2E163A06836}.Release|x64.Build.0 = Release|x64
		{16E69996-4170-409D-8908-A2E163A06836}.Release|x86.ActiveCfg = Release|Win32
		{16E69996-4170-409D-8908-A2E163A06836}.Release|x86.Build.0 = Release|Win32
	EndGlobalSection
	GlobalSection(SolutionProperties) = preSolution
		HideSolutionNode = FALSE
	EndGlobalSection
	GlobalSection(ExtensibilityGlobals) = postSolution
		SolutionGuid = {2BF66FB5-FBC1-4BD1-8ECB-1E63199E4EE5}
	EndGlobalSection
EndGlobal
